// !$*UTF8*$!
{
	archiveVersion = 1;
	classes = {
	};
	objectVersion = 46;
	objects = {

/* Begin PBXBuildFile section */
		DF51735D1A0DCBE200D0ED3D /* AppDelegate.swift in Sources */ = {isa = PBXBuildFile; fileRef = DF51735C1A0DCBE200D0ED3D /* AppDelegate.swift */; };
		DF51735F1A0DCBE200D0ED3D /* ViewController.swift in Sources */ = {isa = PBXBuildFile; fileRef = DF51735E1A0DCBE200D0ED3D /* ViewController.swift */; };
		DF5173621A0DCBE200D0ED3D /* Main.storyboard in Resources */ = {isa = PBXBuildFile; fileRef = DF5173601A0DCBE200D0ED3D /* Main.storyboard */; };
		DF5173641A0DCBE200D0ED3D /* Images.xcassets in Resources */ = {isa = PBXBuildFile; fileRef = DF5173631A0DCBE200D0ED3D /* Images.xcassets */; };
		DF5173671A0DCBE200D0ED3D /* LaunchScreen.xib in Resources */ = {isa = PBXBuildFile; fileRef = DF5173651A0DCBE200D0ED3D /* LaunchScreen.xib */; };
		DF5173731A0DCBE200D0ED3D /* Dog_YearsTests.swift in Sources */ = {isa = PBXBuildFile; fileRef = DF5173721A0DCBE200D0ED3D /* Dog_YearsTests.swift */; };
		DF51737D1A0DCC8400D0ED3D /* AgeOfLaika.jpg in Resources */ = {isa = PBXBuildFile; fileRef = DF51737C1A0DCC8400D0ED3D /* AgeOfLaika.jpg */; };
/* End PBXBuildFile section */

/* Begin PBXContainerItemProxy section */
		DF51736D1A0DCBE200D0ED3D /* PBXContainerItemProxy */ = {
			isa = PBXContainerItemProxy;
			containerPortal = DF51734F1A0DCBE200D0ED3D /* Project object */;
			proxyType = 1;
			remoteGlobalIDString = DF5173561A0DCBE200D0ED3D;
			remoteInfo = "Dog Years";
		};
/* End PBXContainerItemProxy section */

/* Begin PBXFileReference section */
		DF5173571A0DCBE200D0ED3D /* Dog Years.app */ = {isa = PBXFileReference; explicitFileType = wrapper.application; includeInIndex = 0; path = "Dog Years.app"; sourceTree = BUILT_PRODUCTS_DIR; };
		DF51735B1A0DCBE200D0ED3D /* Info.plist */ = {isa = PBXFileReference; lastKnownFileType = text.plist.xml; path = Info.plist; sourceTree = "<group>"; };
		DF51735C1A0DCBE200D0ED3D /* AppDelegate.swift */ = {isa = PBXFileReference; lastKnownFileType = sourcecode.swift; path = AppDelegate.swift; sourceTree = "<group>"; };
		DF51735E1A0DCBE200D0ED3D /* ViewController.swift */ = {isa = PBXFileReference; lastKnownFileType = sourcecode.swift; path = ViewController.swift; sourceTree = "<group>"; };
		DF5173611A0DCBE200D0ED3D /* Base */ = {isa = PBXFileReference; lastKnownFileType = file.storyboard; name = Base; path = Base.lproj/Main.storyboard; sourceTree = "<group>"; };
		DF5173631A0DCBE200D0ED3D /* Images.xcassets */ = {isa = PBXFileReference; lastKnownFileType = folder.assetcatalog; path = Images.xcassets; sourceTree = "<group>"; };
		DF5173661A0DCBE200D0ED3D /* Base */ = {isa = PBXFileReference; lastKnownFileType = file.xib; name = Base; path = Base.lproj/LaunchScreen.xib; sourceTree = "<group>"; };
		DF51736C1A0DCBE200D0ED3D /* Dog YearsTests.xctest */ = {isa = PBXFileReference; explicitFileType = wrapper.cfbundle; includeInIndex = 0; path = "Dog YearsTests.xctest"; sourceTree = BUILT_PRODUCTS_DIR; };
		DF5173711A0DCBE200D0ED3D /* Info.plist */ = {isa = PBXFileReference; lastKnownFileType = text.plist.xml; path = Info.plist; sourceTree = "<group>"; };
		DF5173721A0DCBE200D0ED3D /* Dog_YearsTests.swift */ = {isa = PBXFileReference; lastKnownFileType = sourcecode.swift; path = Dog_YearsTests.swift; sourceTree = "<group>"; };
		DF51737C1A0DCC8400D0ED3D /* AgeOfLaika.jpg */ = {isa = PBXFileReference; lastKnownFileType = image.jpeg; path = AgeOfLaika.jpg; sourceTree = "<group>"; };
/* End PBXFileReference section */

/* Begin PBXFrameworksBuildPhase section */
		DF5173541A0DCBE200D0ED3D /* Frameworks */ = {
			isa = PBXFrameworksBuildPhase;
			buildActionMask = 2147483647;
			files = (
			);
			runOnlyForDeploymentPostprocessing = 0;
		};
		DF5173691A0DCBE200D0ED3D /* Frameworks */ = {
			isa = PBXFrameworksBuildPhase;
			buildActionMask = 2147483647;
			files = (
			);
			runOnlyForDeploymentPostprocessing = 0;
		};
/* End PBXFrameworksBuildPhase section */

/* Begin PBXGroup section */
		DF51734E1A0DCBE200D0ED3D = {
			isa = PBXGroup;
			children = (
				DF5173591A0DCBE200D0ED3D /* Dog Years */,
				DF51736F1A0DCBE200D0ED3D /* Dog YearsTests */,
				DF5173581A0DCBE200D0ED3D /* Products */,
			);
			sourceTree = "<group>";
		};
		DF5173581A0DCBE200D0ED3D /* Products */ = {
			isa = PBXGroup;
			children = (
				DF5173571A0DCBE200D0ED3D /* Dog Years.app */,
				DF51736C1A0DCBE200D0ED3D /* Dog YearsTests.xctest */,
			);
			name = Products;
			sourceTree = "<group>";
		};
		DF5173591A0DCBE200D0ED3D /* Dog Years */ = {
			isa = PBXGroup;
			children = (
				DF51735C1A0DCBE200D0ED3D /* AppDelegate.swift */,
				DF51735E1A0DCBE200D0ED3D /* ViewController.swift */,
				DF5173601A0DCBE200D0ED3D /* Main.storyboard */,
				DF5173631A0DCBE200D0ED3D /* Images.xcassets */,
				DF5173651A0DCBE200D0ED3D /* LaunchScreen.xib */,
				DF51735A1A0DCBE200D0ED3D /* Supporting Files */,
			);
			path = "Dog Years";
			sourceTree = "<group>";
		};
		DF51735A1A0DCBE200D0ED3D /* Supporting Files */ = {
			isa = PBXGroup;
			children = (
				DF51737C1A0DCC8400D0ED3D /* AgeOfLaika.jpg */,
				DF51735B1A0DCBE200D0ED3D /* Info.plist */,
			);
			name = "Supporting Files";
			sourceTree = "<group>";
		};
		DF51736F1A0DCBE200D0ED3D /* Dog YearsTests */ = {
			isa = PBXGroup;
			children = (
				DF5173721A0DCBE200D0ED3D /* Dog_YearsTests.swift */,
				DF5173701A0DCBE200D0ED3D /* Supporting Files */,
			);
			path = "Dog YearsTests";
			sourceTree = "<group>";
		};
		DF5173701A0DCBE200D0ED3D /* Supporting Files */ = {
			isa = PBXGroup;
			children = (
				DF5173711A0DCBE200D0ED3D /* Info.plist */,
			);
			name = "Supporting Files";
			sourceTree = "<group>";
		};
/* End PBXGroup section */

/* Begin PBXNativeTarget section */
		DF5173561A0DCBE200D0ED3D /* Dog Years */ = {
			isa = PBXNativeTarget;
			buildConfigurationList = DF5173761A0DCBE200D0ED3D /* Build configuration list for PBXNativeTarget "Dog Years" */;
			buildPhases = (
				DF5173531A0DCBE200D0ED3D /* Sources */,
				DF5173541A0DCBE200D0ED3D /* Frameworks */,
				DF5173551A0DCBE200D0ED3D /* Resources */,
			);
			buildRules = (
			);
			dependencies = (
			);
			name = "Dog Years";
			productName = "Dog Years";
			productReference = DF5173571A0DCBE200D0ED3D /* Dog Years.app */;
			productType = "com.apple.product-type.application";
		};
		DF51736B1A0DCBE200D0ED3D /* Dog YearsTests */ = {
			isa = PBXNativeTarget;
			buildConfigurationList = DF5173791A0DCBE200D0ED3D /* Build configuration list for PBXNativeTarget "Dog YearsTests" */;
			buildPhases = (
				DF5173681A0DCBE200D0ED3D /* Sources */,
				DF5173691A0DCBE200D0ED3D /* Frameworks */,
				DF51736A1A0DCBE200D0ED3D /* Resources */,
			);
			buildRules = (
			);
			dependencies = (
				DF51736E1A0DCBE200D0ED3D /* PBXTargetDependency */,
			);
			name = "Dog YearsTests";
			productName = "Dog YearsTests";
			productReference = DF51736C1A0DCBE200D0ED3D /* Dog YearsTests.xctest */;
			productType = "com.apple.product-type.bundle.unit-test";
		};
/* End PBXNativeTarget section */

/* Begin PBXProject section */
		DF51734F1A0DCBE200D0ED3D /* Project object */ = {
			isa = PBXProject;
			attributes = {
				LastUpgradeCheck = 0610;
				ORGANIZATIONNAME = "Philip Parker";
				TargetAttributes = {
					DF5173561A0DCBE200D0ED3D = {
						CreatedOnToolsVersion = 6.1;
					};
					DF51736B1A0DCBE200D0ED3D = {
						CreatedOnToolsVersion = 6.1;
						TestTargetID = DF5173561A0DCBE200D0ED3D;
					};
				};
			};
			buildConfigurationList = DF5173521A0DCBE200D0ED3D /* Build configuration list for PBXProject "Dog Years" */;
			compatibilityVersion = "Xcode 3.2";
			developmentRegion = English;
			hasScannedForEncodings = 0;
			knownRegions = (
				en,
				Base,
			);
			mainGroup = DF51734E1A0DCBE200D0ED3D;
			productRefGroup = DF5173581A0DCBE200D0ED3D /* Products */;
			projectDirPath = "";
			projectRoot = "";
			targets = (
				DF5173561A0DCBE200D0ED3D /* Dog Years */,
				DF51736B1A0DCBE200D0ED3D /* Dog YearsTests */,
			);
		};
/* End PBXProject section */

/* Begin PBXResourcesBuildPhase section */
		DF5173551A0DCBE200D0ED3D /* Resources */ = {
			isa = PBXResourcesBuildPhase;
			buildActionMask = 2147483647;
			files = (
				DF5173621A0DCBE200D0ED3D /* Main.storyboard in Resources */,
				DF51737D1A0DCC8400D0ED3D /* AgeOfLaika.jpg in Resources */,
				DF5173671A0DCBE200D0ED3D /* LaunchScreen.xib in Resources */,
				DF5173641A0DCBE200D0ED3D /* Images.xcassets in Resources */,
			);
			runOnlyForDeploymentPostprocessing = 0;
		};
		DF51736A1A0DCBE200D0ED3D /* Resources */ = {
			isa = PBXResourcesBuildPhase;
			buildActionMask = 2147483647;
			files = (
			);
			runOnlyForDeploymentPostprocessing = 0;
		};
/* End PBXResourcesBuildPhase section */

/* Begin PBXSourcesBuildPhase section */
		DF5173531A0DCBE200D0ED3D /* Sources */ = {
			isa = PBXSourcesBuildPhase;
			buildActionMask = 2147483647;
			files = (
				DF51735F1A0DCBE200D0ED3D /* ViewController.swift in Sources */,
				DF51735D1A0DCBE200D0ED3D /* AppDelegate.swift in Sources */,
			);
			runOnlyForDeploymentPostprocessing = 0;
		};
		DF5173681A0DCBE200D0ED3D /* Sources */ = {
			isa = PBXSourcesBuildPhase;
			buildActionMask = 2147483647;
			files = (
				DF5173731A0DCBE200D0ED3D /* Dog_YearsTests.swift in Sources */,
			);
			runOnlyForDeploymentPostprocessing = 0;
		};
/* End PBXSourcesBuildPhase section */

/* Begin PBXTargetDependency section */
		DF51736E1A0DCBE200D0ED3D /* PBXTargetDependency */ = {
			isa = PBXTargetDependency;
			target = DF5173561A0DCBE200D0ED3D /* Dog Years */;
			targetProxy = DF51736D1A0DCBE200D0ED3D /* PBXContainerItemProxy */;
		};
/* End PBXTargetDependency section */

/* Begin PBXVariantGroup section */
		DF5173601A0DCBE200D0ED3D /* Main.storyboard */ = {
			isa = PBXVariantGroup;
			children = (
				DF5173611A0DCBE200D0ED3D /* Base */,
			);
			name = Main.storyboard;
			sourceTree = "<group>";
		};
		DF5173651A0DCBE200D0ED3D /* LaunchScreen.xib */ = {
			isa = PBXVariantGroup;
			children = (
				DF5173661A0DCBE200D0ED3D /* Base */,
			);
			name = LaunchScreen.xib;
			sourceTree = "<group>";
		};
/* End PBXVariantGroup section */

/* Begin XCBuildConfiguration section */
		DF5173741A0DCBE200D0ED3D /* Debug */ = {
			isa = XCBuildConfiguration;
			buildSettings = {
				ALWAYS_SEARCH_USER_PATHS = NO;
				CLANG_CXX_LANGUAGE_STANDARD = "gnu++0x";
				CLANG_CXX_LIBRARY = "libc++";
				CLANG_ENABLE_MODULES = YES;
				CLANG_ENABLE_OBJC_ARC = YES;
				CLANG_WARN_BOOL_CONVERSION = YES;
				CLANG_WARN_CONSTANT_CONVERSION = YES;
				CLANG_WARN_DIRECT_OBJC_ISA_USAGE = YES_ERROR;
				CLANG_WARN_EMPTY_BODY = YES;
				CLANG_WARN_ENUM_CONVERSION = YES;
				CLANG_WARN_INT_CONVERSION = YES;
				CLANG_WARN_OBJC_ROOT_CLASS = YES_ERROR;
				CLANG_WARN_UNREACHABLE_CODE = YES;
				CLANG_WARN__DUPLICATE_METHOD_MATCH = YES;
				"CODE_SIGN_IDENTITY[sdk=iphoneos*]" = "iPhone Developer";
				COPY_PHASE_STRIP = NO;
				ENABLE_STRICT_OBJC_MSGSEND = YES;
				GCC_C_LANGUAGE_STANDARD = gnu99;
				GCC_DYNAMIC_NO_PIC = NO;
				GCC_OPTIMIZATION_LEVEL = 0;
				GCC_PREPROCESSOR_DEFINITIONS = (
					"DEBUG=1",
					"$(inherited)",
				);
				GCC_SYMBOLS_PRIVATE_EXTERN = NO;
				GCC_WARN_64_TO_32_BIT_CONVERSION = YES;
				GCC_WARN_ABOUT_RETURN_TYPE = YES_ERROR;
				GCC_WARN_UNDECLARED_SELECTOR = YES;
				GCC_WARN_UNINITIALIZED_AUTOS = YES_AGGRESSIVE;
				GCC_WARN_UNUSED_FUNCTION = YES;
				GCC_WARN_UNUSED_VARIABLE = YES;
				IPHONEOS_DEPLOYMENT_TARGET = 8.1;
				MTL_ENABLE_DEBUG_INFO = YES;
				ONLY_ACTIVE_ARCH = YES;
				SDKROOT = iphoneos;
				SWIFT_OPTIMIZATION_LEVEL = "-Onone";
			};
			name = Debug;
		};
		DF5173751A0DCBE200D0ED3D /* Release */ = {
			isa = XCBuildConfiguration;
			buildSettings = {
				ALWAYS_SEARCH_USER_PATHS = NO;
				CLANG_CXX_LANGUAGE_STANDARD = "gnu++0x";
				CLANG_CXX_LIBRARY = "libc++";
				CLANG_ENABLE_MODULES = YES;
				CLANG_ENABLE_OBJC_ARC = YES;
				CLANG_WARN_BOOL_CONVERSION = YES;
				CLANG_WARN_CONSTANT_CONVERSION = YES;
				CLANG_WARN_DIRECT_OBJC_ISA_USAGE = YES_ERROR;
				CLANG_WARN_EMPTY_BODY = YES;
				CLANG_WARN_ENUM_CONVERSION = YES;
				CLANG_WARN_INT_CONVERSION = YES;
				CLANG_WARN_OBJC_ROOT_CLASS = YES_ERROR;
				CLANG_WARN_UNREACHABLE_CODE = YES;
				CLANG_WARN__DUPLICATE_METHOD_MATCH = YES;
				"CODE_SIGN_IDENTITY[sdk=iphoneos*]" = "iPhone Developer";
				COPY_PHASE_STRIP = YES;
				ENABLE_NS_ASSERTIONS = NO;
				ENABLE_STRICT_OBJC_MSGSEND = YES;
				GCC_C_LANGUAGE_STANDARD = gnu99;
				GCC_WARN_64_TO_32_BIT_CONVERSION = YES;
				GCC_WARN_ABOUT_RETURN_TYPE = YES_ERROR;
				GCC_WARN_UNDECLARED_SELECTOR = YES;
				GCC_WARN_UNINITIALIZED_AUTOS = YES_AGGRESSIVE;
				GCC_WARN_UNUSED_FUNCTION = YES;
				GCC_WARN_UNUSED_VARIABLE = YES;
				IPHONEOS_DEPLOYMENT_TARGET = 8.1;
				MTL_ENABLE_DEBUG_INFO = NO;
				SDKROOT = iphoneos;
				VALIDATE_PRODUCT = YES;
			};
			name = Release;
		};
		DF5173771A0DCBE200D0ED3D /* Debug */ = {
			isa = XCBuildConfiguration;
			buildSettings = {
				ASSETCATALOG_COMPILER_APPICON_NAME = AppIcon;
				INFOPLIST_FILE = "Dog Years/Info.plist";
				LD_RUNPATH_SEARCH_PATHS = "$(inherited) @executable_path/Frameworks";
				PRODUCT_NAME = "$(TARGET_NAME)";
			};
			name = Debug;
		};
		DF5173781A0DCBE200D0ED3D /* Release */ = {
			isa = XCBuildConfiguration;
			buildSettings = {
				ASSETCATALOG_COMPILER_APPICON_NAME = AppIcon;
				INFOPLIST_FILE = "Dog Years/Info.plist";
				LD_RUNPATH_SEARCH_PATHS = "$(inherited) @executable_path/Frameworks";
				PRODUCT_NAME = "$(TARGET_NAME)";
			};
			name = Release;
		};
		DF51737A1A0DCBE200D0ED3D /* Debug */ = {
			isa = XCBuildConfiguration;
			buildSettings = {
				BUNDLE_LOADER = "$(TEST_HOST)";
				FRAMEWORK_SEARCH_PATHS = (
					"$(SDKROOT)/Developer/Library/Frameworks",
					"$(inherited)",
				);
				GCC_PREPROCESSOR_DEFINITIONS = (
					"DEBUG=1",
					"$(inherited)",
				);
				INFOPLIST_FILE = "Dog YearsTests/Info.plist";
				LD_RUNPATH_SEARCH_PATHS = "$(inherited) @executable_path/Frameworks @loader_path/Frameworks";
				PRODUCT_NAME = "$(TARGET_NAME)";
				TEST_HOST = "$(BUILT_PRODUCTS_DIR)/Dog Years.app/Dog Years";
			};
			name = Debug;
		};
		DF51737B1A0DCBE200D0ED3D /* Release */ = {
			isa = XCBuildConfiguration;
			buildSettings = {
				BUNDLE_LOADER = "$(TEST_HOST)";
				FRAMEWORK_SEARCH_PATHS = (
					"$(SDKROOT)/Developer/Library/Frameworks",
					"$(inherited)",
				);
				INFOPLIST_FILE = "Dog YearsTests/Info.plist";
				LD_RUNPATH_SEARCH_PATHS = "$(inherited) @executable_path/Frameworks @loader_path/Frameworks";
				PRODUCT_NAME = "$(TARGET_NAME)";
				TEST_HOST = "$(BUILT_PRODUCTS_DIR)/Dog Years.app/Dog Years";
			};
			name = Release;
		};
/* End XCBuildConfiguration section */

/* Begin XCConfigurationList section */
		DF5173521A0DCBE200D0ED3D /* Build configuration list for PBXProject "Dog Years" */ = {
			isa = XCConfigurationList;
			buildConfigurations = (
				DF5173741A0DCBE200D0ED3D /* Debug */,
				DF5173751A0DCBE200D0ED3D /* Release */,
			);
			defaultConfigurationIsVisible = 0;
			defaultConfigurationName = Release;
		};
		DF5173761A0DCBE200D0ED3D /* Build configuration list for PBXNativeTarget "Dog Years" */ = {
			isa = XCConfigurationList;
			buildConfigurations = (
				DF5173771A0DCBE200D0ED3D /* Debug */,
				DF5173781A0DCBE200D0ED3D /* Release */,
			);
			defaultConfigurationIsVisible = 0;
		};
		DF5173791A0DCBE200D0ED3D /* Build configuration list for PBXNativeTarget "Dog YearsTests" */ = {
			isa = XCConfigurationList;
			buildConfigurations = (
				DF51737A1A0DCBE200D0ED3D /* Debug */,
				DF51737B1A0DCBE200D0ED3D /* Release */,
			);
			defaultConfigurationIsVisible = 0;
		};
/* End XCConfigurationList section */
	};
	rootObject = DF51734F1A0DCBE200D0ED3D /* Project object */;
}
